// !$*UTF8*$!
{
	archiveVersion = 1;
	classes = {
	};
	objectVersion = 46;
	objects = {

/* Begin PBXBuildFile section */
		46AECC2B19CBD2580043B5E8 /* Foundation.framework in Frameworks */ = {isa = PBXBuildFile; fileRef = 46AECC2A19CBD2580043B5E8 /* Foundation.framework */; };
		46AECC2D19CBD2590043B5E8 /* CoreGraphics.framework in Frameworks */ = {isa = PBXBuildFile; fileRef = 46AECC2C19CBD2590043B5E8 /* CoreGraphics.framework */; };
		46AECC2F19CBD2590043B5E8 /* UIKit.framework in Frameworks */ = {isa = PBXBuildFile; fileRef = 46AECC2E19CBD2590043B5E8 /* UIKit.framework */; };
		46AECC3519CBD2590043B5E8 /* InfoPlist.strings in Resources */ = {isa = PBXBuildFile; fileRef = 46AECC3319CBD2590043B5E8 /* InfoPlist.strings */; };
		46AECC3719CBD2590043B5E8 /* main.m in Sources */ = {isa = PBXBuildFile; fileRef = 46AECC3619CBD2590043B5E8 /* main.m */; };
		46AECC3B19CBD2590043B5E8 /* AppDelegate.m in Sources */ = {isa = PBXBuildFile; fileRef = 46AECC3A19CBD2590043B5E8 /* AppDelegate.m */; };
		46AECC3E19CBD2590043B5E8 /* Main.storyboard in Resources */ = {isa = PBXBuildFile; fileRef = 46AECC3C19CBD2590043B5E8 /* Main.storyboard */; };
		46AECC4119CBD2590043B5E8 /* ViewController.m in Sources */ = {isa = PBXBuildFile; fileRef = 46AECC4019CBD2590043B5E8 /* ViewController.m */; };
		46AECC4319CBD2590043B5E8 /* Images.xcassets in Resources */ = {isa = PBXBuildFile; fileRef = 46AECC4219CBD2590043B5E8 /* Images.xcassets */; };
		46AECC4A19CBD2590043B5E8 /* XCTest.framework in Frameworks */ = {isa = PBXBuildFile; fileRef = 46AECC4919CBD2590043B5E8 /* XCTest.framework */; };
		46AECC4B19CBD2590043B5E8 /* Foundation.framework in Frameworks */ = {isa = PBXBuildFile; fileRef = 46AECC2A19CBD2580043B5E8 /* Foundation.framework */; };
		46AECC4C19CBD2590043B5E8 /* UIKit.framework in Frameworks */ = {isa = PBXBuildFile; fileRef = 46AECC2E19CBD2590043B5E8 /* UIKit.framework */; };
		46AECC5419CBD2590043B5E8 /* InfoPlist.strings in Resources */ = {isa = PBXBuildFile; fileRef = 46AECC5219CBD2590043B5E8 /* InfoPlist.strings */; };
		46AECC5619CBD2590043B5E8 /* RTProjectTests.m in Sources */ = {isa = PBXBuildFile; fileRef = 46AECC5519CBD2590043B5E8 /* RTProjectTests.m */; };
/* End PBXBuildFile section */

/* Begin PBXContainerItemProxy section */
		46AECC4D19CBD2590043B5E8 /* PBXContainerItemProxy */ = {
			isa = PBXContainerItemProxy;
			containerPortal = 46AECC1F19CBD2580043B5E8 /* Project object */;
			proxyType = 1;
			remoteGlobalIDString = 46AECC2619CBD2580043B5E8;
			remoteInfo = RTProject;
		};
/* End PBXContainerItemProxy section */

/* Begin PBXFileReference section */
		46AECC2719CBD2580043B5E8 /* RTProject.app */ = {isa = PBXFileReference; explicitFileType = wrapper.application; includeInIndex = 0; path = RTProject.app; sourceTree = BUILT_PRODUCTS_DIR; };
		46AECC2A19CBD2580043B5E8 /* Foundation.framework */ = {isa = PBXFileReference; lastKnownFileType = wrapper.framework; name = Foundation.framework; path = System/Library/Frameworks/Foundation.framework; sourceTree = SDKROOT; };
		46AECC2C19CBD2590043B5E8 /* CoreGraphics.framework */ = {isa = PBXFileReference; lastKnownFileType = wrapper.framework; name = CoreGraphics.framework; path = System/Library/Frameworks/CoreGraphics.framework; sourceTree = SDKROOT; };
		46AECC2E19CBD2590043B5E8 /* UIKit.framework */ = {isa = PBXFileReference; lastKnownFileType = wrapper.framework; name = UIKit.framework; path = System/Library/Frameworks/UIKit.framework; sourceTree = SDKROOT; };
		46AECC3219CBD2590043B5E8 /* RTProject-Info.plist */ = {isa = PBXFileReference; lastKnownFileType = text.plist.xml; path = "RTProject-Info.plist"; sourceTree = "<group>"; };
		46AECC3419CBD2590043B5E8 /* en */ = {isa = PBXFileReference; lastKnownFileType = text.plist.strings; name = en; path = en.lproj/InfoPlist.strings; sourceTree = "<group>"; };
		46AECC3619CBD2590043B5E8 /* main.m */ = {isa = PBXFileReference; lastKnownFileType = sourcecode.c.objc; path = main.m; sourceTree = "<group>"; };
		46AECC3819CBD2590043B5E8 /* RTProject-Prefix.pch */ = {isa = PBXFileReference; lastKnownFileType = sourcecode.c.h; path = "RTProject-Prefix.pch"; sourceTree = "<group>"; };
		46AECC3919CBD2590043B5E8 /* AppDelegate.h */ = {isa = PBXFileReference; lastKnownFileType = sourcecode.c.h; path = AppDelegate.h; sourceTree = "<group>"; };
		46AECC3A19CBD2590043B5E8 /* AppDelegate.m */ = {isa = PBXFileReference; lastKnownFileType = sourcecode.c.objc; path = AppDelegate.m; sourceTree = "<group>"; };
		46AECC3D19CBD2590043B5E8 /* Base */ = {isa = PBXFileReference; lastKnownFileType = file.storyboard; name = Base; path = Base.lproj/Main.storyboard; sourceTree = "<group>"; };
		46AECC3F19CBD2590043B5E8 /* ViewController.h */ = {isa = PBXFileReference; lastKnownFileType = sourcecode.c.h; path = ViewController.h; sourceTree = "<group>"; };
		46AECC4019CBD2590043B5E8 /* ViewController.m */ = {isa = PBXFileReference; lastKnownFileType = sourcecode.c.objc; path = ViewController.m; sourceTree = "<group>"; };
		46AECC4219CBD2590043B5E8 /* Images.xcassets */ = {isa = PBXFileReference; lastKnownFileType = folder.assetcatalog; path = Images.xcassets; sourceTree = "<group>"; };
		46AECC4819CBD2590043B5E8 /* RTProjectTests.xctest */ = {isa = PBXFileReference; explicitFileType = wrapper.cfbundle; includeInIndex = 0; path = RTProjectTests.xctest; sourceTree = BUILT_PRODUCTS_DIR; };
		46AECC4919CBD2590043B5E8 /* XCTest.framework */ = {isa = PBXFileReference; lastKnownFileType = wrapper.framework; name = XCTest.framework; path = Library/Frameworks/XCTest.framework; sourceTree = DEVELOPER_DIR; };
		46AECC5119CBD2590043B5E8 /* RTProjectTests-Info.plist */ = {isa = PBXFileReference; lastKnownFileType = text.plist.xml; path = "RTProjectTests-Info.plist"; sourceTree = "<group>"; };
		46AECC5319CBD2590043B5E8 /* en */ = {isa = PBXFileReference; lastKnownFileType = text.plist.strings; name = en; path = en.lproj/InfoPlist.strings; sourceTree = "<group>"; };
		46AECC5519CBD2590043B5E8 /* RTProjectTests.m */ = {isa = PBXFileReference; lastKnownFileType = sourcecode.c.objc; path = RTProjectTests.m; sourceTree = "<group>"; };
/* End PBXFileReference section */

/* Begin PBXFrameworksBuildPhase section */
		46AECC2419CBD2580043B5E8 /* Frameworks */ = {
			isa = PBXFrameworksBuildPhase;
			buildActionMask = 2147483647;
			files = (
				46AECC2D19CBD2590043B5E8 /* CoreGraphics.framework in Frameworks */,
				46AECC2F19CBD2590043B5E8 /* UIKit.framework in Frameworks */,
				46AECC2B19CBD2580043B5E8 /* Foundation.framework in Frameworks */,
			);
			runOnlyForDeploymentPostprocessing = 0;
		};
		46AECC4519CBD2590043B5E8 /* Frameworks */ = {
			isa = PBXFrameworksBuildPhase;
			buildActionMask = 2147483647;
			files = (
				46AECC4A19CBD2590043B5E8 /* XCTest.framework in Frameworks */,
				46AECC4C19CBD2590043B5E8 /* UIKit.framework in Frameworks */,
				46AECC4B19CBD2590043B5E8 /* Foundation.framework in Frameworks */,
			);
			runOnlyForDeploymentPostprocessing = 0;
		};
/* End PBXFrameworksBuildPhase section */

/* Begin PBXGroup section */
		46AECC1E19CBD2580043B5E8 = {
			isa = PBXGroup;
			children = (
				46AECC3019CBD2590043B5E8 /* RTProject */,
				46AECC4F19CBD2590043B5E8 /* RTProjectTests */,
				46AECC2919CBD2580043B5E8 /* Frameworks */,
				46AECC2819CBD2580043B5E8 /* Products */,
			);
			sourceTree = "<group>";
		};
		46AECC2819CBD2580043B5E8 /* Products */ = {
			isa = PBXGroup;
			children = (
				46AECC2719CBD2580043B5E8 /* RTProject.app */,
				46AECC4819CBD2590043B5E8 /* RTProjectTests.xctest */,
			);
			name = Products;
			sourceTree = "<group>";
		};
		46AECC2919CBD2580043B5E8 /* Frameworks */ = {
			isa = PBXGroup;
			children = (
				46AECC2A19CBD2580043B5E8 /* Foundation.framework */,
				46AECC2C19CBD2590043B5E8 /* CoreGraphics.framework */,
				46AECC2E19CBD2590043B5E8 /* UIKit.framework */,
				46AECC4919CBD2590043B5E8 /* XCTest.framework */,
			);
			name = Frameworks;
			sourceTree = "<group>";
		};
		46AECC3019CBD2590043B5E8 /* RTProject */ = {
			isa = PBXGroup;
			children = (
				46AECC3919CBD2590043B5E8 /* AppDelegate.h */,
				46AECC3A19CBD2590043B5E8 /* AppDelegate.m */,
				46AECC3C19CBD2590043B5E8 /* Main.storyboard */,
				46AECC3F19CBD2590043B5E8 /* ViewController.h */,
				46AECC4019CBD2590043B5E8 /* ViewController.m */,
				46AECC4219CBD2590043B5E8 /* Images.xcassets */,
				46AECC3119CBD2590043B5E8 /* Supporting Files */,
			);
			path = RTProject;
			sourceTree = "<group>";
		};
		46AECC3119CBD2590043B5E8 /* Supporting Files */ = {
			isa = PBXGroup;
			children = (
				46AECC3219CBD2590043B5E8 /* RTProject-Info.plist */,
				46AECC3319CBD2590043B5E8 /* InfoPlist.strings */,
				46AECC3619CBD2590043B5E8 /* main.m */,
				46AECC3819CBD2590043B5E8 /* RTProject-Prefix.pch */,
			);
			name = "Supporting Files";
			sourceTree = "<group>";
		};
		46AECC4F19CBD2590043B5E8 /* RTProjectTests */ = {
			isa = PBXGroup;
			children = (
				46AECC5519CBD2590043B5E8 /* RTProjectTests.m */,
				46AECC5019CBD2590043B5E8 /* Supporting Files */,
			);
			path = RTProjectTests;
			sourceTree = "<group>";
		};
		46AECC5019CBD2590043B5E8 /* Supporting Files */ = {
			isa = PBXGroup;
			children = (
				46AECC5119CBD2590043B5E8 /* RTProjectTests-Info.plist */,
				46AECC5219CBD2590043B5E8 /* InfoPlist.strings */,
			);
			name = "Supporting Files";
			sourceTree = "<group>";
		};
/* End PBXGroup section */

/* Begin PBXNativeTarget section */
		46AECC2619CBD2580043B5E8 /* RTProject */ = {
			isa = PBXNativeTarget;
			buildConfigurationList = 46AECC5919CBD2590043B5E8 /* Build configuration list for PBXNativeTarget "RTProject" */;
			buildPhases = (
				46AECC2319CBD2580043B5E8 /* Sources */,
				46AECC2419CBD2580043B5E8 /* Frameworks */,
				46AECC2519CBD2580043B5E8 /* Resources */,
			);
			buildRules = (
			);
			dependencies = (
			);
			name = RTProject;
			productName = RTProject;
			productReference = 46AECC2719CBD2580043B5E8 /* RTProject.app */;
			productType = "com.apple.product-type.application";
		};
		46AECC4719CBD2590043B5E8 /* RTProjectTests */ = {
			isa = PBXNativeTarget;
			buildConfigurationList = 46AECC5C19CBD2590043B5E8 /* Build configuration list for PBXNativeTarget "RTProjectTests" */;
			buildPhases = (
				46AECC4419CBD2590043B5E8 /* Sources */,
				46AECC4519CBD2590043B5E8 /* Frameworks */,
				46AECC4619CBD2590043B5E8 /* Resources */,
			);
			buildRules = (
			);
			dependencies = (
				46AECC4E19CBD2590043B5E8 /* PBXTargetDependency */,
			);
			name = RTProjectTests;
			productName = RTProjectTests;
			productReference = 46AECC4819CBD2590043B5E8 /* RTProjectTests.xctest */;
			productType = "com.apple.product-type.bundle.unit-test";
		};
/* End PBXNativeTarget section */

/* Begin PBXProject section */
		46AECC1F19CBD2580043B5E8 /* Project object */ = {
			isa = PBXProject;
			attributes = {
				LastUpgradeCheck = 0510;
				ORGANIZATIONNAME = hxy;
				TargetAttributes = {
					46AECC4719CBD2590043B5E8 = {
						TestTargetID = 46AECC2619CBD2580043B5E8;
					};
				};
			};
			buildConfigurationList = 46AECC2219CBD2580043B5E8 /* Build configuration list for PBXProject "RTProject" */;
			compatibilityVersion = "Xcode 3.2";
			developmentRegion = English;
			hasScannedForEncodings = 0;
			knownRegions = (
				en,
				Base,
			);
			mainGroup = 46AECC1E19CBD2580043B5E8;
			productRefGroup = 46AECC2819CBD2580043B5E8 /* Products */;
			projectDirPath = "";
			projectRoot = "";
			targets = (
				46AECC2619CBD2580043B5E8 /* RTProject */,
				46AECC4719CBD2590043B5E8 /* RTProjectTests */,
			);
		};
/* End PBXProject section */

/* Begin PBXResourcesBuildPhase section */
		46AECC2519CBD2580043B5E8 /* Resources */ = {
			isa = PBXResourcesBuildPhase;
			buildActionMask = 2147483647;
			files = (
				46AECC4319CBD2590043B5E8 /* Images.xcassets in Resources */,
				46AECC3519CBD2590043B5E8 /* InfoPlist.strings in Resources */,
				46AECC3E19CBD2590043B5E8 /* Main.storyboard in Resources */,
			);
			runOnlyForDeploymentPostprocessing = 0;
		};
		46AECC4619CBD2590043B5E8 /* Resources */ = {
			isa = PBXResourcesBuildPhase;
			buildActionMask = 2147483647;
			files = (
				46AECC5419CBD2590043B5E8 /* InfoPlist.strings in Resources */,
			);
			runOnlyForDeploymentPostprocessing = 0;
		};
/* End PBXResourcesBuildPhase section */

/* Begin PBXSourcesBuildPhase section */
		46AECC2319CBD2580043B5E8 /* Sources */ = {
			isa = PBXSourcesBuildPhase;
			buildActionMask = 2147483647;
			files = (
				46AECC4119CBD2590043B5E8 /* ViewController.m in Sources */,
				46AECC3B19CBD2590043B5E8 /* AppDelegate.m in Sources */,
				46AECC3719CBD2590043B5E8 /* main.m in Sources */,
			);
			runOnlyForDeploymentPostprocessing = 0;
		};
		46AECC4419CBD2590043B5E8 /* Sources */ = {
			isa = PBXSourcesBuildPhase;
			buildActionMask = 2147483647;
			files = (
				46AECC5619CBD2590043B5E8 /* RTProjectTests.m in Sources */,
			);
			runOnlyForDeploymentPostprocessing = 0;
		};
/* End PBXSourcesBuildPhase section */

/* Begin PBXTargetDependency section */
		46AECC4E19CBD2590043B5E8 /* PBXTargetDependency */ = {
			isa = PBXTargetDependency;
			target = 46AECC2619CBD2580043B5E8 /* RTProject */;
			targetProxy = 46AECC4D19CBD2590043B5E8 /* PBXContainerItemProxy */;
		};
/* End PBXTargetDependency section */

/* Begin PBXVariantGroup section */
		46AECC3319CBD2590043B5E8 /* InfoPlist.strings */ = {
			isa = PBXVariantGroup;
			children = (
				46AECC3419CBD2590043B5E8 /* en */,
			);
			name = InfoPlist.strings;
			sourceTree = "<group>";
		};
		46AECC3C19CBD2590043B5E8 /* Main.storyboard */ = {
			isa = PBXVariantGroup;
			children = (
				46AECC3D19CBD2590043B5E8 /* Base */,
			);
			name = Main.storyboard;
			sourceTree = "<group>";
		};
		46AECC5219CBD2590043B5E8 /* InfoPlist.strings */ = {
			isa = PBXVariantGroup;
			children = (
				46AECC5319CBD2590043B5E8 /* en */,
			);
			name = InfoPlist.strings;
			sourceTree = "<group>";
		};
/* End PBXVariantGroup section */

/* Begin XCBuildConfiguration section */
		46AECC5719CBD2590043B5E8 /* Debug */ = {
			isa = XCBuildConfiguration;
			buildSettings = {
				ALWAYS_SEARCH_USER_PATHS = NO;
				CLANG_CXX_LANGUAGE_STANDARD = "gnu++0x";
				CLANG_CXX_LIBRARY = "libc++";
				CLANG_ENABLE_MODULES = YES;
				CLANG_ENABLE_OBJC_ARC = YES;
				CLANG_WARN_BOOL_CONVERSION = YES;
				CLANG_WARN_CONSTANT_CONVERSION = YES;
				CLANG_WARN_DIRECT_OBJC_ISA_USAGE = YES_ERROR;
				CLANG_WARN_EMPTY_BODY = YES;
				CLANG_WARN_ENUM_CONVERSION = YES;
				CLANG_WARN_INT_CONVERSION = YES;
				CLANG_WARN_OBJC_ROOT_CLASS = YES_ERROR;
				CLANG_WARN__DUPLICATE_METHOD_MATCH = YES;
				"CODE_SIGN_IDENTITY[sdk=iphoneos*]" = "iPhone Developer";
				COPY_PHASE_STRIP = NO;
				GCC_C_LANGUAGE_STANDARD = gnu99;
				GCC_DYNAMIC_NO_PIC = NO;
				GCC_OPTIMIZATION_LEVEL = 0;
				GCC_PREPROCESSOR_DEFINITIONS = (
					"DEBUG=1",
					"$(inherited)",
				);
				GCC_SYMBOLS_PRIVATE_EXTERN = NO;
				GCC_WARN_64_TO_32_BIT_CONVERSION = YES;
				GCC_WARN_ABOUT_RETURN_TYPE = YES_ERROR;
				GCC_WARN_UNDECLARED_SELECTOR = YES;
				GCC_WARN_UNINITIALIZED_AUTOS = YES_AGGRESSIVE;
				GCC_WARN_UNUSED_FUNCTION = YES;
				GCC_WARN_UNUSED_VARIABLE = YES;
				IPHONEOS_DEPLOYMENT_TARGET = 7.1;
				ONLY_ACTIVE_ARCH = YES;
				SDKROOT = iphoneos;
			};
			name = Debug;
		};
		46AECC5819CBD2590043B5E8 /* Release */ = {
			isa = XCBuildConfiguration;
			buildSettings = {
				ALWAYS_SEARCH_USER_PATHS = NO;
				CLANG_CXX_LANGUAGE_STANDARD = "gnu++0x";
				CLANG_CXX_LIBRARY = "libc++";
				CLANG_ENABLE_MODULES = YES;
				CLANG_ENABLE_OBJC_ARC = YES;
				CLANG_WARN_BOOL_CONVERSION = YES;
				CLANG_WARN_CONSTANT_CONVERSION = YES;
				CLANG_WARN_DIRECT_OBJC_ISA_USAGE = YES_ERROR;
				CLANG_WARN_EMPTY_BODY = YES;
				CLANG_WARN_ENUM_CONVERSION = YES;
				CLANG_WARN_INT_CONVERSION = YES;
				CLANG_WARN_OBJC_ROOT_CLASS = YES_ERROR;
				CLANG_WARN__DUPLICATE_METHOD_MATCH = YES;
				"CODE_SIGN_IDENTITY[sdk=iphoneos*]" = "iPhone Developer";
				COPY_PHASE_STRIP = YES;
				ENABLE_NS_ASSERTIONS = NO;
				GCC_C_LANGUAGE_STANDARD = gnu99;
				GCC_WARN_64_TO_32_BIT_CONVERSION = YES;
				GCC_WARN_ABOUT_RETURN_TYPE = YES_ERROR;
				GCC_WARN_UNDECLARED_SELECTOR = YES;
				GCC_WARN_UNINITIALIZED_AUTOS = YES_AGGRESSIVE;
				GCC_WARN_UNUSED_FUNCTION = YES;
				GCC_WARN_UNUSED_VARIABLE = YES;
				IPHONEOS_DEPLOYMENT_TARGET = 7.1;
				SDKROOT = iphoneos;
				VALIDATE_PRODUCT = YES;
			};
			name = Release;
		};
		46AECC5A19CBD2590043B5E8 /* Debug */ = {
			isa = XCBuildConfiguration;
			buildSettings = {
				ASSETCATALOG_COMPILER_APPICON_NAME = AppIcon;
				ASSETCATALOG_COMPILER_LAUNCHIMAGE_NAME = LaunchImage;
				GCC_PRECOMPILE_PREFIX_HEADER = YES;
				GCC_PREFIX_HEADER = "RTProject/RTProject-Prefix.pch";
				INFOPLIST_FILE = "RTProject/RTProject-Info.plist";
				PRODUCT_NAME = "$(TARGET_NAME)";
				WRAPPER_EXTENSION = app;
			};
			name = Debug;
		};
		46AECC5B19CBD2590043B5E8 /* Release */ = {
			isa = XCBuildConfiguration;
			buildSettings = {
				ASSETCATALOG_COMPILER_APPICON_NAME = AppIcon;
				ASSETCATALOG_COMPILER_LAUNCHIMAGE_NAME = LaunchImage;
				GCC_PRECOMPILE_PREFIX_HEADER = YES;
				GCC_PREFIX_HEADER = "RTProject/RTProject-Prefix.pch";
				INFOPLIST_FILE = "RTProject/RTProject-Info.plist";
				PRODUCT_NAME = "$(TARGET_NAME)";
				WRAPPER_EXTENSION = app;
			};
			name = Release;
		};
		46AECC5D19CBD2590043B5E8 /* Debug */ = {
			isa = XCBuildConfiguration;
			buildSettings = {
				BUNDLE_LOADER = "$(BUILT_PRODUCTS_DIR)/RTProject.app/RTProject";
				FRAMEWORK_SEARCH_PATHS = (
					"$(SDKROOT)/Developer/Library/Frameworks",
					"$(inherited)",
					"$(DEVELOPER_FRAMEWORKS_DIR)",
				);
				GCC_PRECOMPILE_PREFIX_HEADER = YES;
				GCC_PREFIX_HEADER = "RTProject/RTProject-Prefix.pch";
				GCC_PREPROCESSOR_DEFINITIONS = (
					"DEBUG=1",
					"$(inherited)",
				);
				INFOPLIST_FILE = "RTProjectTests/RTProjectTests-Info.plist";
				PRODUCT_NAME = "$(TARGET_NAME)";
				TEST_HOST = "$(BUNDLE_LOADER)";
				WRAPPER_EXTENSION = xctest;
			};
			name = Debug;
		};
		46AECC5E19CBD2590043B5E8 /* Release */ = {
			isa = XCBuildConfiguration;
			buildSettings = {
				BUNDLE_LOADER = "$(BUILT_PRODUCTS_DIR)/RTProject.app/RTProject";
				FRAMEWORK_SEARCH_PATHS = (
					"$(SDKROOT)/Developer/Library/Frameworks",
					"$(inherited)",
					"$(DEVELOPER_FRAMEWORKS_DIR)",
				);
				GCC_PRECOMPILE_PREFIX_HEADER = YES;
				GCC_PREFIX_HEADER = "RTProject/RTProject-Prefix.pch";
				INFOPLIST_FILE = "RTProjectTests/RTProjectTests-Info.plist";
				PRODUCT_NAME = "$(TARGET_NAME)";
				TEST_HOST = "$(BUNDLE_LOADER)";
				WRAPPER_EXTENSION = xctest;
			};
			name = Release;
		};
/* End XCBuildConfiguration section */

/* Begin XCConfigurationList section */
		46AECC2219CBD2580043B5E8 /* Build configuration list for PBXProject "RTProject" */ = {
			isa = XCConfigurationList;
			buildConfigurations = (
				46AECC5719CBD2590043B5E8 /* Debug */,
				46AECC5819CBD2590043B5E8 /* Release */,
			);
			defaultConfigurationIsVisible = 0;
			defaultConfigurationName = Release;
		};
		46AECC5919CBD2590043B5E8 /* Build configuration list for PBXNativeTarget "RTProject" */ = {
			isa = XCConfigurationList;
			buildConfigurations = (
				46AECC5A19CBD2590043B5E8 /* Debug */,
				46AECC5B19CBD2590043B5E8 /* Release */,
			);
			defaultConfigurationIsVisible = 0;
		};
		46AECC5C19CBD2590043B5E8 /* Build configuration list for PBXNativeTarget "RTProjectTests" */ = {
			isa = XCConfigurationList;
			buildConfigurations = (
				46AECC5D19CBD2590043B5E8 /* Debug */,
				46AECC5E19CBD2590043B5E8 /* Release */,
			);
			defaultConfigurationIsVisible = 0;
		};
/* End XCConfigurationList section */
	};
	rootObject = 46AECC1F19CBD2580043B5E8 /* Project object */;
}
